
Microsoft Visual Studio Solution File, Format Version 12.00
# Visual Studio Version 16
VisualStudioVersion = 16.0.32901.82
MinimumVisualStudioVersion = 10.0.40219.1
Project("{FAE04EC0-301F-11D3-BF4B-00C04F79EFBC}") = "BrianPineda.Android", "BrianPineda\BrianPineda.Android\BrianPineda.Android.csproj", "{FAC63692-FAA3-4481-BD8B-EC9DA01196FB}"
EndProject
Project("{FAE04EC0-301F-11D3-BF4B-00C04F79EFBC}") = "BrianPineda", "BrianPineda\BrianPineda\BrianPineda.csproj", "{DCCEC622-A881-4DC2-9A59-ECEEF8508EA7}"
EndProject
Global
	GlobalSection(SolutionConfigurationPlatforms) = preSolution
		Debug|Any CPU = Debug|Any CPU
		Release|Any CPU = Release|Any CPU
	EndGlobalSection
	GlobalSection(ProjectConfigurationPlatforms) = postSolution
		{FAC63692-FAA3-4481-BD8B-EC9DA01196FB}.Debug|Any CPU.ActiveCfg = Debug|Any CPU
		{FAC63692-FAA3-4481-BD8B-EC9DA01196FB}.Debug|Any CPU.Build.0 = Debug|Any CPU
		{FAC63692-FAA3-4481-BD8B-EC9DA01196FB}.Debug|Any CPU.Deploy.0 = Debug|Any CPU
		{FAC63692-FAA3-4481-BD8B-EC9DA01196FB}.Release|Any CPU.ActiveCfg = Release|Any CPU
		{FAC63692-FAA3-4481-BD8B-EC9DA01196FB}.Release|Any CPU.Build.0 = Release|Any CPU
		{FAC63692-FAA3-4481-BD8B-EC9DA01196FB}.Release|Any CPU.Deploy.0 = Release|Any CPU
		{DCCEC622-A881-4DC2-9A59-ECEEF8508EA7}.Debug|Any CPU.ActiveCfg = Debug|Any CPU
		{DCCEC622-A881-4DC2-9A59-ECEEF8508EA7}.Debug|Any CPU.Build.0 = Debug|Any CPU
		{DCCEC622-A881-4DC2-9A59-ECEEF8508EA7}.Debug|Any CPU.Deploy.0 = Debug|Any CPU
		{DCCEC622-A881-4DC2-9A59-ECEEF8508EA7}.Release|Any CPU.ActiveCfg = Release|Any CPU
		{DCCEC622-A881-4DC2-9A59-ECEEF8508EA7}.Release|Any CPU.Build.0 = Release|Any CPU
		{DCCEC622-A881-4DC2-9A59-ECEEF8508EA7}.Release|Any CPU.Deploy.0 = Release|Any CPU
	EndGlobalSection
	GlobalSection(SolutionProperties) = preSolution
		HideSolutionNode = FALSE
	EndGlobalSection
	GlobalSection(ExtensibilityGlobals) = postSolution
		SolutionGuid = {83F1AE9C-53F5-4B6E-A8CA-D7802DE5E407}
	EndGlobalSection
EndGlobal
